
Microsoft Visual Studio Solution File, Format Version 12.00
# Visual Studio 2015
Project("{FAE04EC0-301F-11D3-BF4B-00C04F79EFBC}") = "SpaceStation13.CSharp.Plugins", "SpaceStation13.CSharp.Plugins.csproj", "{3C9A42F0-5A1C-6ACD-7B61-FBA0B4A9199D}"
EndProject
Project("{FAE04EC0-301F-11D3-BF4B-00C04F79EFBC}") = "SpaceStation13.CSharp", "SpaceStation13.CSharp.csproj", "{ABBE0D02-3361-2D4A-4190-81C697E4A946}"
EndProject
Project("{FAE04EC0-301F-11D3-BF4B-00C04F79EFBC}") = "SpaceStation13.CSharp.Editor", "SpaceStation13.CSharp.Editor.csproj", "{8E1CA8AA-05AC-1587-4528-0BD57AC10A90}"
EndProject
Global
	GlobalSection(SolutionConfigurationPlatforms) = preSolution
		Debug|Any CPU = Debug|Any CPU
		Release|Any CPU = Release|Any CPU
	EndGlobalSection
	GlobalSection(ProjectConfigurationPlatforms) = postSolution
		{3C9A42F0-5A1C-6ACD-7B61-FBA0B4A9199D}.Debug|Any CPU.ActiveCfg = Debug|Any CPU
		{3C9A42F0-5A1C-6ACD-7B61-FBA0B4A9199D}.Debug|Any CPU.Build.0 = Debug|Any CPU
		{3C9A42F0-5A1C-6ACD-7B61-FBA0B4A9199D}.Release|Any CPU.ActiveCfg = Release|Any CPU
		{3C9A42F0-5A1C-6ACD-7B61-FBA0B4A9199D}.Release|Any CPU.Build.0 = Release|Any CPU
		{ABBE0D02-3361-2D4A-4190-81C697E4A946}.Debug|Any CPU.ActiveCfg = Debug|Any CPU
		{ABBE0D02-3361-2D4A-4190-81C697E4A946}.Debug|Any CPU.Build.0 = Debug|Any CPU
		{ABBE0D02-3361-2D4A-4190-81C697E4A946}.Release|Any CPU.ActiveCfg = Release|Any CPU
		{ABBE0D02-3361-2D4A-4190-81C697E4A946}.Release|Any CPU.Build.0 = Release|Any CPU
		{8E1CA8AA-05AC-1587-4528-0BD57AC10A90}.Debug|Any CPU.ActiveCfg = Debug|Any CPU
		{8E1CA8AA-05AC-1587-4528-0BD57AC10A90}.Debug|Any CPU.Build.0 = Debug|Any CPU
		{8E1CA8AA-05AC-1587-4528-0BD57AC10A90}.Release|Any CPU.ActiveCfg = Release|Any CPU
		{8E1CA8AA-05AC-1587-4528-0BD57AC10A90}.Release|Any CPU.Build.0 = Release|Any CPU
	EndGlobalSection
	GlobalSection(SolutionProperties) = preSolution
		HideSolutionNode = FALSE
	EndGlobalSection
EndGlobal
